
Microsoft Visual Studio Solution File, Format Version 12.00
# Visual Studio Version 17
VisualStudioVersion = 17.10.35122.118
MinimumVisualStudioVersion = 10.0.40219.1
Project("{FAE04EC0-301F-11D3-BF4B-00C04F79EFBC}") = "ExcelToJsonAddin", "ExcelToJsonAddin.csproj", "{B1744A7C-3688-48FB-8A19-710192117D49}"
EndProject
Global
	GlobalSection(SolutionConfigurationPlatforms) = preSolution
		Debug|Any CPU = Debug|Any CPU
		Release|Any CPU = Release|Any CPU
	EndGlobalSection
	GlobalSection(ProjectConfigurationPlatforms) = postSolution
		{B1744A7C-3688-48FB-8A19-710192117D49}.Debug|Any CPU.ActiveCfg = Debug|Any CPU
		{B1744A7C-3688-48FB-8A19-710192117D49}.Debug|Any CPU.Build.0 = Debug|Any CPU
		{B1744A7C-3688-48FB-8A19-710192117D49}.Release|Any CPU.ActiveCfg = Release|Any CPU
		{B1744A7C-3688-48FB-8A19-710192117D49}.Release|Any CPU.Build.0 = Release|Any CPU
	EndGlobalSection
	GlobalSection(SolutionProperties) = preSolution
		HideSolutionNode = FALSE
	EndGlobalSection
	GlobalSection(ExtensibilityGlobals) = postSolution
		SolutionGuid = {D6D70EF1-8E2E-4417-A44C-8F811382296F}
	EndGlobalSection
EndGlobal
